
Microsoft Visual Studio Solution File, Format Version 12.00
# Visual Studio Version 17
VisualStudioVersion = 17.12.35527.113
MinimumVisualStudioVersion = 10.0.40219.1
Project("{FAE04EC0-301F-11D3-BF4B-00C04F79EFBC}") = "InventoryManagement.API", "InventoryManagement.API.csproj", "{5E4A87FA-05C7-4F64-9218-91182AD1F4B7}"
EndProject
Project("{FAE04EC0-301F-11D3-BF4B-00C04F79EFBC}") = "InventoryManagement.Application", "..\InventoryManagement.Application\InventoryManagement.Application.csproj", "{1188E098-4967-4611-91FF-ED9B28624E3D}"
EndProject
Project("{FAE04EC0-301F-11D3-BF4B-00C04F79EFBC}") = "InventoryManagement.Domain", "..\InventoryManagement.Domain\InventoryManagement.Domain.csproj", "{1FE27638-1F37-4857-8709-380AF4B9DDA1}"
EndProject
Project("{FAE04EC0-301F-11D3-BF4B-00C04F79EFBC}") = "InventoryManagement.Infrastructure", "..\InventoryManagement.Infrastructure\InventoryManagement.Infrastructure.csproj", "{D2E3E7FF-C7ED-460F-B9B3-376D9077EB8F}"
EndProject
Project("{FAE04EC0-301F-11D3-BF4B-00C04F79EFBC}") = "InventoryManagement.Tests", "..\InventoryManagement.Tests\InventoryManagement.Tests.csproj", "{6A296D29-288B-4D45-9B28-043B8CCB2802}"
EndProject
Global
	GlobalSection(SolutionConfigurationPlatforms) = preSolution
		Debug|Any CPU = Debug|Any CPU
		Release|Any CPU = Release|Any CPU
	EndGlobalSection
	GlobalSection(ProjectConfigurationPlatforms) = postSolution
		{5E4A87FA-05C7-4F64-9218-91182AD1F4B7}.Debug|Any CPU.ActiveCfg = Debug|Any CPU
		{5E4A87FA-05C7-4F64-9218-91182AD1F4B7}.Debug|Any CPU.Build.0 = Debug|Any CPU
		{5E4A87FA-05C7-4F64-9218-91182AD1F4B7}.Release|Any CPU.ActiveCfg = Release|Any CPU
		{5E4A87FA-05C7-4F64-9218-91182AD1F4B7}.Release|Any CPU.Build.0 = Release|Any CPU
		{1188E098-4967-4611-91FF-ED9B28624E3D}.Debug|Any CPU.ActiveCfg = Debug|Any CPU
		{1188E098-4967-4611-91FF-ED9B28624E3D}.Debug|Any CPU.Build.0 = Debug|Any CPU
		{1188E098-4967-4611-91FF-ED9B28624E3D}.Release|Any CPU.ActiveCfg = Release|Any CPU
		{1188E098-4967-4611-91FF-ED9B28624E3D}.Release|Any CPU.Build.0 = Release|Any CPU
		{1FE27638-1F37-4857-8709-380AF4B9DDA1}.Debug|Any CPU.ActiveCfg = Debug|Any CPU
		{1FE27638-1F37-4857-8709-380AF4B9DDA1}.Debug|Any CPU.Build.0 = Debug|Any CPU
		{1FE27638-1F37-4857-8709-380AF4B9DDA1}.Release|Any CPU.ActiveCfg = Release|Any CPU
		{1FE27638-1F37-4857-8709-380AF4B9DDA1}.Release|Any CPU.Build.0 = Release|Any CPU
		{D2E3E7FF-C7ED-460F-B9B3-376D9077EB8F}.Debug|Any CPU.ActiveCfg = Debug|Any CPU
		{D2E3E7FF-C7ED-460F-B9B3-376D9077EB8F}.Debug|Any CPU.Build.0 = Debug|Any CPU
		{D2E3E7FF-C7ED-460F-B9B3-376D9077EB8F}.Release|Any CPU.ActiveCfg = Release|Any CPU
		{D2E3E7FF-C7ED-460F-B9B3-376D9077EB8F}.Release|Any CPU.Build.0 = Release|Any CPU
		{6A296D29-288B-4D45-9B28-043B8CCB2802}.Debug|Any CPU.ActiveCfg = Debug|Any CPU
		{6A296D29-288B-4D45-9B28-043B8CCB2802}.Debug|Any CPU.Build.0 = Debug|Any CPU
		{6A296D29-288B-4D45-9B28-043B8CCB2802}.Release|Any CPU.ActiveCfg = Release|Any CPU
		{6A296D29-288B-4D45-9B28-043B8CCB2802}.Release|Any CPU.Build.0 = Release|Any CPU
	EndGlobalSection
	GlobalSection(SolutionProperties) = preSolution
		HideSolutionNode = FALSE
	EndGlobalSection
EndGlobal
